
Microsoft Visual Studio Solution File, Format Version 12.00
# Visual Studio Version 16
VisualStudioVersion = 16.0.29306.81
MinimumVisualStudioVersion = 10.0.40219.1
Project("{9A19103F-16F7-4668-BE54-9A1E7A4F7556}") = "ProCSharpCode.DotNet5", "ProCSharpCode.DotNet5\ProCSharpCode.DotNet5.csproj", "{F0275C67-05EB-4D99-B0F6-C57E043117BA}"
	ProjectSection(ProjectDependencies) = postProject
		{87017FF0-8F90-4847-A002-99E873676BB7} = {87017FF0-8F90-4847-A002-99E873676BB7}
	EndProjectSection
EndProject
Project("{9A19103F-16F7-4668-BE54-9A1E7A4F7556}") = "ProCsharpCode.ExtensionMethods", "ProCsharpCode.ExtensionMethods\ProCsharpCode.ExtensionMethods.csproj", "{87017FF0-8F90-4847-A002-99E873676BB7}"
EndProject
Project("{FAE04EC0-301F-11D3-BF4B-00C04F79EFBC}") = "ProfessionalCSharpCode.Tests", "ProfessionalCSharpCode.Tests\ProfessionalCSharpCode.Tests.csproj", "{3BA72DDE-F466-4883-A90E-7044F92E0A91}"
EndProject
Project("{FAE04EC0-301F-11D3-BF4B-00C04F79EFBC}") = "ProCsharpCode.ExtensionMethods.Tests", "ProCsharpCode.ExtensionMethods.Tests\ProCsharpCode.ExtensionMethods.Tests.csproj", "{DD18F65C-94CB-4251-8D9F-A6AE25260AB0}"
EndProject
Global
	GlobalSection(SolutionConfigurationPlatforms) = preSolution
		Debug|Any CPU = Debug|Any CPU
		Release|Any CPU = Release|Any CPU
	EndGlobalSection
	GlobalSection(ProjectConfigurationPlatforms) = postSolution
		{F0275C67-05EB-4D99-B0F6-C57E043117BA}.Debug|Any CPU.ActiveCfg = Debug|Any CPU
		{F0275C67-05EB-4D99-B0F6-C57E043117BA}.Debug|Any CPU.Build.0 = Debug|Any CPU
		{F0275C67-05EB-4D99-B0F6-C57E043117BA}.Release|Any CPU.ActiveCfg = Release|Any CPU
		{F0275C67-05EB-4D99-B0F6-C57E043117BA}.Release|Any CPU.Build.0 = Release|Any CPU
		{87017FF0-8F90-4847-A002-99E873676BB7}.Debug|Any CPU.ActiveCfg = Debug|Any CPU
		{87017FF0-8F90-4847-A002-99E873676BB7}.Debug|Any CPU.Build.0 = Debug|Any CPU
		{87017FF0-8F90-4847-A002-99E873676BB7}.Release|Any CPU.ActiveCfg = Release|Any CPU
		{87017FF0-8F90-4847-A002-99E873676BB7}.Release|Any CPU.Build.0 = Release|Any CPU
		{3BA72DDE-F466-4883-A90E-7044F92E0A91}.Debug|Any CPU.ActiveCfg = Debug|Any CPU
		{3BA72DDE-F466-4883-A90E-7044F92E0A91}.Debug|Any CPU.Build.0 = Debug|Any CPU
		{3BA72DDE-F466-4883-A90E-7044F92E0A91}.Release|Any CPU.ActiveCfg = Release|Any CPU
		{3BA72DDE-F466-4883-A90E-7044F92E0A91}.Release|Any CPU.Build.0 = Release|Any CPU
		{DD18F65C-94CB-4251-8D9F-A6AE25260AB0}.Debug|Any CPU.ActiveCfg = Debug|Any CPU
		{DD18F65C-94CB-4251-8D9F-A6AE25260AB0}.Debug|Any CPU.Build.0 = Debug|Any CPU
		{DD18F65C-94CB-4251-8D9F-A6AE25260AB0}.Release|Any CPU.ActiveCfg = Release|Any CPU
		{DD18F65C-94CB-4251-8D9F-A6AE25260AB0}.Release|Any CPU.Build.0 = Release|Any CPU
	EndGlobalSection
	GlobalSection(SolutionProperties) = preSolution
		HideSolutionNode = FALSE
	EndGlobalSection
	GlobalSection(ExtensibilityGlobals) = postSolution
		SolutionGuid = {AAE4BE41-F8E9-4AD1-A600-0D8A8074E38B}
	EndGlobalSection
EndGlobal
